
Microsoft Visual Studio Solution File, Format Version 12.00
# Visual Studio 15
VisualStudioVersion = 15.0.26430.14
MinimumVisualStudioVersion = 14.0.23107.0
Project("{9A19103F-16F7-4668-BE54-9A1E7A4F7556}") = "csmacnz.Coveralls", "src\csmacnz.Coveralls\csmacnz.Coveralls.csproj", "{EE91F48D-75D2-4C73-A3AA-B1DDC7ED7E13}"
EndProject
Project("{2150E333-8FDC-42A3-9474-1A3956D46DE8}") = "Solution Items", "Solution Items", "{C21F0FD5-E485-4EFC-A891-5F4297C5A354}"
	ProjectSection(SolutionItems) = preProject
		.gitignore = .gitignore
		.travis.yml = .travis.yml
		appveyor.yml = appveyor.yml
		Build.environment.ps1 = Build.environment.ps1
		default.ps1 = default.ps1
		GitVersionConfig.yaml = GitVersionConfig.yaml
		README.md = README.md
	EndProjectSection
EndProject
Project("{9A19103F-16F7-4668-BE54-9A1E7A4F7556}") = "csmacnz.Coveralls.Tests", "src\csmacnz.Coveralls.Tests\csmacnz.Coveralls.Tests.csproj", "{E839B336-A92B-4712-A586-C30786DE9790}"
EndProject
Project("{FAE04EC0-301F-11D3-BF4B-00C04F79EFBC}") = "csmacnz.Coveralls.Tests.Integration", "src\csmacnz.Coveralls.Tests.Integration\csmacnz.Coveralls.Tests.Integration.csproj", "{79F0A92A-C354-467A-8A61-E0B07BF342C9}"
EndProject
Global
	GlobalSection(SolutionConfigurationPlatforms) = preSolution
		Debug|Any CPU = Debug|Any CPU
		Release|Any CPU = Release|Any CPU
	EndGlobalSection
	GlobalSection(ProjectConfigurationPlatforms) = postSolution
		{EE91F48D-75D2-4C73-A3AA-B1DDC7ED7E13}.Debug|Any CPU.ActiveCfg = Debug|Any CPU
		{EE91F48D-75D2-4C73-A3AA-B1DDC7ED7E13}.Debug|Any CPU.Build.0 = Debug|Any CPU
		{EE91F48D-75D2-4C73-A3AA-B1DDC7ED7E13}.Release|Any CPU.ActiveCfg = Release|Any CPU
		{EE91F48D-75D2-4C73-A3AA-B1DDC7ED7E13}.Release|Any CPU.Build.0 = Release|Any CPU
		{E839B336-A92B-4712-A586-C30786DE9790}.Debug|Any CPU.ActiveCfg = Debug|Any CPU
		{E839B336-A92B-4712-A586-C30786DE9790}.Debug|Any CPU.Build.0 = Debug|Any CPU
		{E839B336-A92B-4712-A586-C30786DE9790}.Release|Any CPU.ActiveCfg = Release|Any CPU
		{E839B336-A92B-4712-A586-C30786DE9790}.Release|Any CPU.Build.0 = Release|Any CPU
		{79F0A92A-C354-467A-8A61-E0B07BF342C9}.Debug|Any CPU.ActiveCfg = Debug|Any CPU
		{79F0A92A-C354-467A-8A61-E0B07BF342C9}.Debug|Any CPU.Build.0 = Debug|Any CPU
		{79F0A92A-C354-467A-8A61-E0B07BF342C9}.Release|Any CPU.ActiveCfg = Release|Any CPU
		{79F0A92A-C354-467A-8A61-E0B07BF342C9}.Release|Any CPU.Build.0 = Release|Any CPU
	EndGlobalSection
	GlobalSection(SolutionProperties) = preSolution
		HideSolutionNode = FALSE
	EndGlobalSection
EndGlobal
