
Microsoft Visual Studio Solution File, Format Version 12.00
# Visual Studio 2013
VisualStudioVersion = 12.0.31101.0
MinimumVisualStudioVersion = 10.0.40219.1
Project("{FAE04EC0-301F-11D3-BF4B-00C04F79EFBC}") = "csmacnz.Coveralls", "csmacnz.Coveralls\csmacnz.Coveralls.csproj", "{EE91F48D-75D2-4C73-A3AA-B1DDC7ED7E13}"
EndProject
Global
	GlobalSection(SolutionConfigurationPlatforms) = preSolution
		Debug|Any CPU = Debug|Any CPU
		Release|Any CPU = Release|Any CPU
	EndGlobalSection
	GlobalSection(ProjectConfigurationPlatforms) = postSolution
		{EE91F48D-75D2-4C73-A3AA-B1DDC7ED7E13}.Debug|Any CPU.ActiveCfg = Debug|Any CPU
		{EE91F48D-75D2-4C73-A3AA-B1DDC7ED7E13}.Debug|Any CPU.Build.0 = Debug|Any CPU
		{EE91F48D-75D2-4C73-A3AA-B1DDC7ED7E13}.Release|Any CPU.ActiveCfg = Release|Any CPU
		{EE91F48D-75D2-4C73-A3AA-B1DDC7ED7E13}.Release|Any CPU.Build.0 = Release|Any CPU
	EndGlobalSection
	GlobalSection(SolutionProperties) = preSolution
		HideSolutionNode = FALSE
	EndGlobalSection
EndGlobal
